
Microsoft Visual Studio Solution File, Format Version 12.00
# Visual Studio 14
VisualStudioVersion = 14.0.23107.0
MinimumVisualStudioVersion = 10.0.40219.1
Project("{2150E333-8FDC-42A3-9474-1A3956D46DE8}") = "Cmd", "Cmd", "{54E05567-5063-4410-99CE-E6227B40EA8C}"
EndProject
Project("{2150E333-8FDC-42A3-9474-1A3956D46DE8}") = "Windows", "Windows", "{9932250C-4651-4D2B-AFE6-8A98B5ACC027}"
EndProject
Project("{2150E333-8FDC-42A3-9474-1A3956D46DE8}") = "Web", "Web", "{65CD0EDB-C994-4C53-8CBE-E4794A52C83B}"
EndProject
Project("{2150E333-8FDC-42A3-9474-1A3956D46DE8}") = "API", "API", "{6E654420-11C3-43D6-AF8E-21A3FF4D1DEC}"
EndProject
Project("{FAE04EC0-301F-11D3-BF4B-00C04F79EFBC}") = "GRS.CommandLine", "Cmd\GRS.CommandLine\GRS.CommandLine.csproj", "{C618DC55-7188-4384-8084-858B64C991D5}"
EndProject
Project("{FAE04EC0-301F-11D3-BF4B-00C04F79EFBC}") = "GRS.DataAccess", "API\GRS.DataAccess\GRS.DataAccess.csproj", "{74E35CDF-79B6-489E-8C58-7E0AA8B70EE5}"
EndProject
Project("{FAE04EC0-301F-11D3-BF4B-00C04F79EFBC}") = "GRS.Repository", "API\GRS.Repository\GRS.Repository.csproj", "{38C93890-7AFA-4769-8DD4-F849F743957A}"
EndProject
Project("{FAE04EC0-301F-11D3-BF4B-00C04F79EFBC}") = "GRS.WebApi", "API\GRS.WebApi\GRS.WebApi.csproj", "{DA1E4CC3-E115-40D9-8CF6-72F10AF9B9A6}"
EndProject
Project("{FAE04EC0-301F-11D3-BF4B-00C04F79EFBC}") = "GRS.WebApi.Tests", "API\GRS.WebApi.Tests\GRS.WebApi.Tests.csproj", "{4123A6E9-97E1-494F-932E-EF86902B076D}"
EndProject
Project("{FAE04EC0-301F-11D3-BF4B-00C04F79EFBC}") = "GSRForms", "GSRForms\GSRForms.csproj", "{A5270B74-E044-40E8-8DD4-DDF15EF726E2}"
EndProject
Global
	GlobalSection(SolutionConfigurationPlatforms) = preSolution
		Debug|Any CPU = Debug|Any CPU
		Release|Any CPU = Release|Any CPU
	EndGlobalSection
	GlobalSection(ProjectConfigurationPlatforms) = postSolution
		{C618DC55-7188-4384-8084-858B64C991D5}.Debug|Any CPU.ActiveCfg = Debug|Any CPU
		{C618DC55-7188-4384-8084-858B64C991D5}.Debug|Any CPU.Build.0 = Debug|Any CPU
		{C618DC55-7188-4384-8084-858B64C991D5}.Release|Any CPU.ActiveCfg = Release|Any CPU
		{C618DC55-7188-4384-8084-858B64C991D5}.Release|Any CPU.Build.0 = Release|Any CPU
		{74E35CDF-79B6-489E-8C58-7E0AA8B70EE5}.Debug|Any CPU.ActiveCfg = Debug|Any CPU
		{74E35CDF-79B6-489E-8C58-7E0AA8B70EE5}.Debug|Any CPU.Build.0 = Debug|Any CPU
		{74E35CDF-79B6-489E-8C58-7E0AA8B70EE5}.Release|Any CPU.ActiveCfg = Release|Any CPU
		{74E35CDF-79B6-489E-8C58-7E0AA8B70EE5}.Release|Any CPU.Build.0 = Release|Any CPU
		{38C93890-7AFA-4769-8DD4-F849F743957A}.Debug|Any CPU.ActiveCfg = Debug|Any CPU
		{38C93890-7AFA-4769-8DD4-F849F743957A}.Debug|Any CPU.Build.0 = Debug|Any CPU
		{38C93890-7AFA-4769-8DD4-F849F743957A}.Release|Any CPU.ActiveCfg = Release|Any CPU
		{38C93890-7AFA-4769-8DD4-F849F743957A}.Release|Any CPU.Build.0 = Release|Any CPU
		{DA1E4CC3-E115-40D9-8CF6-72F10AF9B9A6}.Debug|Any CPU.ActiveCfg = Debug|Any CPU
		{DA1E4CC3-E115-40D9-8CF6-72F10AF9B9A6}.Debug|Any CPU.Build.0 = Debug|Any CPU
		{DA1E4CC3-E115-40D9-8CF6-72F10AF9B9A6}.Release|Any CPU.ActiveCfg = Release|Any CPU
		{DA1E4CC3-E115-40D9-8CF6-72F10AF9B9A6}.Release|Any CPU.Build.0 = Release|Any CPU
		{4123A6E9-97E1-494F-932E-EF86902B076D}.Debug|Any CPU.ActiveCfg = Debug|Any CPU
		{4123A6E9-97E1-494F-932E-EF86902B076D}.Debug|Any CPU.Build.0 = Debug|Any CPU
		{4123A6E9-97E1-494F-932E-EF86902B076D}.Release|Any CPU.ActiveCfg = Release|Any CPU
		{4123A6E9-97E1-494F-932E-EF86902B076D}.Release|Any CPU.Build.0 = Release|Any CPU
		{A5270B74-E044-40E8-8DD4-DDF15EF726E2}.Debug|Any CPU.ActiveCfg = Debug|Any CPU
		{A5270B74-E044-40E8-8DD4-DDF15EF726E2}.Debug|Any CPU.Build.0 = Debug|Any CPU
		{A5270B74-E044-40E8-8DD4-DDF15EF726E2}.Release|Any CPU.ActiveCfg = Release|Any CPU
		{A5270B74-E044-40E8-8DD4-DDF15EF726E2}.Release|Any CPU.Build.0 = Release|Any CPU
	EndGlobalSection
	GlobalSection(SolutionProperties) = preSolution
		HideSolutionNode = FALSE
	EndGlobalSection
	GlobalSection(NestedProjects) = preSolution
		{C618DC55-7188-4384-8084-858B64C991D5} = {54E05567-5063-4410-99CE-E6227B40EA8C}
		{74E35CDF-79B6-489E-8C58-7E0AA8B70EE5} = {6E654420-11C3-43D6-AF8E-21A3FF4D1DEC}
		{38C93890-7AFA-4769-8DD4-F849F743957A} = {6E654420-11C3-43D6-AF8E-21A3FF4D1DEC}
		{DA1E4CC3-E115-40D9-8CF6-72F10AF9B9A6} = {6E654420-11C3-43D6-AF8E-21A3FF4D1DEC}
		{4123A6E9-97E1-494F-932E-EF86902B076D} = {6E654420-11C3-43D6-AF8E-21A3FF4D1DEC}
		{A5270B74-E044-40E8-8DD4-DDF15EF726E2} = {9932250C-4651-4D2B-AFE6-8A98B5ACC027}
	EndGlobalSection
EndGlobal
